{
  "sources": {
    "ubuntu": {
      "locked_version": "1.1.2"
    },
    "mesos": {
      "locked_version": "0.1.0",
      "git": "https://github.com/everpeace/cookbook-mesos.git",
      "ref": "4d9d9789c42bd547bc265065bb2c9546f0130156"
    },
    "apt": {
      "locked_version": "2.1.1"
    },
    "java": {
      "locked_version": "1.13.0"
    },
    "windows": {
      "locked_version": "1.10.0"
    },
    "chef_handler": {
      "locked_version": "1.1.4"
    },
    "python": {
      "locked_version": "1.4.0"
    },
    "build-essential": {
      "locked_version": "1.4.2"
    },
    "yum": {
      "locked_version": "2.3.2"
    }
  }
}
